
Microsoft Visual Studio Solution File, Format Version 12.00
# Visual Studio Version 16
VisualStudioVersion = 16.0.32002.261
MinimumVisualStudioVersion = 10.0.40219.1
Project("{FAE04EC0-301F-11D3-BF4B-00C04F79EFBC}") = "Unit14LINQ", "Unit14LINQ\Unit14LINQ.csproj", "{BCD0AEB9-E7D9-484C-856D-CD215DAB87F4}"
EndProject
Global
	GlobalSection(SolutionConfigurationPlatforms) = preSolution
		Debug|Any CPU = Debug|Any CPU
		Release|Any CPU = Release|Any CPU
	EndGlobalSection
	GlobalSection(ProjectConfigurationPlatforms) = postSolution
		{BCD0AEB9-E7D9-484C-856D-CD215DAB87F4}.Debug|Any CPU.ActiveCfg = Debug|Any CPU
		{BCD0AEB9-E7D9-484C-856D-CD215DAB87F4}.Debug|Any CPU.Build.0 = Debug|Any CPU
		{BCD0AEB9-E7D9-484C-856D-CD215DAB87F4}.Release|Any CPU.ActiveCfg = Release|Any CPU
		{BCD0AEB9-E7D9-484C-856D-CD215DAB87F4}.Release|Any CPU.Build.0 = Release|Any CPU
	EndGlobalSection
	GlobalSection(SolutionProperties) = preSolution
		HideSolutionNode = FALSE
	EndGlobalSection
	GlobalSection(ExtensibilityGlobals) = postSolution
		SolutionGuid = {472ECF05-878D-4C16-A0F0-ACCC1D0E6AC8}
	EndGlobalSection
EndGlobal
